
Microsoft Visual Studio Solution File, Format Version 12.00
# Visual Studio Version 17
VisualStudioVersion = 17.2.32516.85
MinimumVisualStudioVersion = 10.0.40219.1
Project("{9A19103F-16F7-4668-BE54-9A1E7A4F7556}") = "ObrabotkaYes", "ObrabotkaYes\ObrabotkaYes.csproj", "{1E7937B1-33F4-4F52-A6E5-C6BA213724AA}"
EndProject
Project("{2150E333-8FDC-42A3-9474-1A3956D46DE8}") = "Domain", "Domain", "{9044D3BE-0BA8-44D4-AF19-ABED44721F16}"
EndProject
Project("{9A19103F-16F7-4668-BE54-9A1E7A4F7556}") = "ObrabotkaYes.Domain", "ObrabotkaYes.Domain\ObrabotkaYes.Domain.csproj", "{17FAFF27-48FC-48E5-A484-B3FF0422F605}"
EndProject
Project("{2150E333-8FDC-42A3-9474-1A3956D46DE8}") = "DataAcessLayer", "DataAcessLayer", "{CFC5381A-BC68-4150-9B15-AD37D6E3D766}"
EndProject
Project("{9A19103F-16F7-4668-BE54-9A1E7A4F7556}") = "ObrabotkaYes.DataAcessLayer", "ObrabotkaYes.DataAcessLayer\ObrabotkaYes.DataAcessLayer.csproj", "{16B552EA-A0F4-44DD-965E-DA86ACCD7368}"
EndProject
Project("{2150E333-8FDC-42A3-9474-1A3956D46DE8}") = "Service", "Service", "{E143D7B6-9295-4E6D-BFDE-024D6630E78F}"
EndProject
Project("{9A19103F-16F7-4668-BE54-9A1E7A4F7556}") = "ObrabotkaYes.Service", "ObrabotkaYes.Service\ObrabotkaYes.Service.csproj", "{745EE0CA-9B5D-4AE9-807F-F217A400A4C7}"
EndProject
Global
	GlobalSection(SolutionConfigurationPlatforms) = preSolution
		Debug|Any CPU = Debug|Any CPU
		Release|Any CPU = Release|Any CPU
	EndGlobalSection
	GlobalSection(ProjectConfigurationPlatforms) = postSolution
		{1E7937B1-33F4-4F52-A6E5-C6BA213724AA}.Debug|Any CPU.ActiveCfg = Debug|Any CPU
		{1E7937B1-33F4-4F52-A6E5-C6BA213724AA}.Debug|Any CPU.Build.0 = Debug|Any CPU
		{1E7937B1-33F4-4F52-A6E5-C6BA213724AA}.Release|Any CPU.ActiveCfg = Release|Any CPU
		{1E7937B1-33F4-4F52-A6E5-C6BA213724AA}.Release|Any CPU.Build.0 = Release|Any CPU
		{17FAFF27-48FC-48E5-A484-B3FF0422F605}.Debug|Any CPU.ActiveCfg = Debug|Any CPU
		{17FAFF27-48FC-48E5-A484-B3FF0422F605}.Debug|Any CPU.Build.0 = Debug|Any CPU
		{17FAFF27-48FC-48E5-A484-B3FF0422F605}.Release|Any CPU.ActiveCfg = Release|Any CPU
		{17FAFF27-48FC-48E5-A484-B3FF0422F605}.Release|Any CPU.Build.0 = Release|Any CPU
		{16B552EA-A0F4-44DD-965E-DA86ACCD7368}.Debug|Any CPU.ActiveCfg = Debug|Any CPU
		{16B552EA-A0F4-44DD-965E-DA86ACCD7368}.Debug|Any CPU.Build.0 = Debug|Any CPU
		{16B552EA-A0F4-44DD-965E-DA86ACCD7368}.Release|Any CPU.ActiveCfg = Release|Any CPU
		{16B552EA-A0F4-44DD-965E-DA86ACCD7368}.Release|Any CPU.Build.0 = Release|Any CPU
		{745EE0CA-9B5D-4AE9-807F-F217A400A4C7}.Debug|Any CPU.ActiveCfg = Debug|Any CPU
		{745EE0CA-9B5D-4AE9-807F-F217A400A4C7}.Debug|Any CPU.Build.0 = Debug|Any CPU
		{745EE0CA-9B5D-4AE9-807F-F217A400A4C7}.Release|Any CPU.ActiveCfg = Release|Any CPU
		{745EE0CA-9B5D-4AE9-807F-F217A400A4C7}.Release|Any CPU.Build.0 = Release|Any CPU
	EndGlobalSection
	GlobalSection(SolutionProperties) = preSolution
		HideSolutionNode = FALSE
	EndGlobalSection
	GlobalSection(NestedProjects) = preSolution
		{17FAFF27-48FC-48E5-A484-B3FF0422F605} = {9044D3BE-0BA8-44D4-AF19-ABED44721F16}
		{16B552EA-A0F4-44DD-965E-DA86ACCD7368} = {CFC5381A-BC68-4150-9B15-AD37D6E3D766}
		{745EE0CA-9B5D-4AE9-807F-F217A400A4C7} = {E143D7B6-9295-4E6D-BFDE-024D6630E78F}
	EndGlobalSection
	GlobalSection(ExtensibilityGlobals) = postSolution
		SolutionGuid = {86C49675-43C6-4E89-BDDD-74581E7D3C62}
	EndGlobalSection
EndGlobal
